
Microsoft Visual Studio Solution File, Format Version 12.00
# Visual Studio Version 16
VisualStudioVersion = 16.0.31515.178
MinimumVisualStudioVersion = 10.0.40219.1
Project("{8BC9CEB8-8B4A-11D0-8D11-00A0C91BC942}") = "PracticeWeek3_1", "PracticeWeek3_1\PracticeWeek3_1.vcxproj", "{AF178903-3AC1-41D3-9590-8D06A31272B3}"
EndProject
Global
	GlobalSection(SolutionConfigurationPlatforms) = preSolution
		Debug|x64 = Debug|x64
		Debug|x86 = Debug|x86
		Release|x64 = Release|x64
		Release|x86 = Release|x86
	EndGlobalSection
	GlobalSection(ProjectConfigurationPlatforms) = postSolution
		{AF178903-3AC1-41D3-9590-8D06A31272B3}.Debug|x64.ActiveCfg = Debug|x64
		{AF178903-3AC1-41D3-9590-8D06A31272B3}.Debug|x64.Build.0 = Debug|x64
		{AF178903-3AC1-41D3-9590-8D06A31272B3}.Debug|x86.ActiveCfg = Debug|Win32
		{AF178903-3AC1-41D3-9590-8D06A31272B3}.Debug|x86.Build.0 = Debug|Win32
		{AF178903-3AC1-41D3-9590-8D06A31272B3}.Release|x64.ActiveCfg = Release|x64
		{AF178903-3AC1-41D3-9590-8D06A31272B3}.Release|x64.Build.0 = Release|x64
		{AF178903-3AC1-41D3-9590-8D06A31272B3}.Release|x86.ActiveCfg = Release|Win32
		{AF178903-3AC1-41D3-9590-8D06A31272B3}.Release|x86.Build.0 = Release|Win32
	EndGlobalSection
	GlobalSection(SolutionProperties) = preSolution
		HideSolutionNode = FALSE
	EndGlobalSection
	GlobalSection(ExtensibilityGlobals) = postSolution
		SolutionGuid = {973699D4-D0CE-443A-8C8E-5D68AEC63D76}
	EndGlobalSection
EndGlobal
